version = 1
revision = 2
requires-python = ">=3.13"

[[package]]
name = "cvxopt"
version = "1.3.2"
source = { registry = "https://pypi.org/simple" }
sdist = { url = "https://files.pythonhosted.org/packages/f5/12/8467d16008ab7577259d32f1e59c4d84edda22b7729ab4a1a0dfd5f0550b/cvxopt-1.3.2.tar.gz", hash = "sha256:3461fa42c1b2240ba4da1d985ca73503914157fc4c77417327ed6d7d85acdbe6", size = 4108454, upload-time = "2023-08-09T14:31:17.514Z" }
wheels = [
    { url = "https://files.pythonhosted.org/packages/3e/c5/3e70e50c4c478acd3fefe3ea51b7e42ad661ce5a265a72b3dba175ce10fc/cvxopt-1.3.2-cp313-cp313-macosx_14_0_x86_64.whl", hash = "sha256:2f9135eea23c9b781574e0cadc5738cf5651a8fd8de822b6de1260411523bfd1", size = 16873224, upload-time = "2024-10-21T20:48:37.221Z" },
    { url = "https://files.pythonhosted.org/packages/61/96/e42b9ec38e1bbe9bf85a5fc9cc7feb173de5a874889735072b49a7d4d8d0/cvxopt-1.3.2-cp313-cp313-macosx_15_0_arm64.whl", hash = "sha256:d7921768712db156e6ec92ac21f7ce52069feb1fb994868d0ca795498111fbac", size = 12424739, upload-time = "2024-10-21T20:48:40.325Z" },
    { url = "https://files.pythonhosted.org/packages/32/08/2c621ad782e9ff7f921c2244c6b4bcbc72ca756cb33021295c288123c465/cvxopt-1.3.2-cp313-cp313-manylinux_2_17_x86_64.manylinux2014_x86_64.whl", hash = "sha256:0af63db45ba559e3e15180fbec140d8a4ff612d8f21d989181a4e8479fa3b8b6", size = 17869707, upload-time = "2024-10-21T20:48:42.881Z" },
    { url = "https://files.pythonhosted.org/packages/62/60/583a1ef8e2e259bdd1bf32fccd4ea15aef4aad5854746ec59cbb2462eb92/cvxopt-1.3.2-cp313-cp313-manylinux_2_28_aarch64.whl", hash = "sha256:8fe178ac780a8bccf425a08004d853eae43b3ddcf7617521fb35c63550077b17", size = 13846614, upload-time = "2024-10-21T20:48:46.26Z" },
    { url = "https://files.pythonhosted.org/packages/e4/2b/d8721b046a3c8bff494490a01ef1eeacf1f970f0d1274448856ccbe0475c/cvxopt-1.3.2-cp313-cp313-manylinux_2_28_x86_64.whl", hash = "sha256:a47a95d7848e6fe768b55910bac8bb114c5f1f355f5a6590196d5e9bdf775d2f", size = 21277032, upload-time = "2024-10-21T20:48:49.48Z" },
    { url = "https://files.pythonhosted.org/packages/6a/19/b1e1c16895a36cc504bf7a940e88431b82b18ca10cbce81072860b9e3d60/cvxopt-1.3.2-cp313-cp313-musllinux_1_2_aarch64.whl", hash = "sha256:e863238d64a4b4443b8be53a08f6b94eda6ec1727038c330da02014f7c19e1be", size = 9530674, upload-time = "2024-10-21T20:48:51.948Z" },
    { url = "https://files.pythonhosted.org/packages/42/cc/ac0705749f96cc52f8d30c9c06e54dc8d4c04ef9c2d21aeed1ae2ee63dab/cvxopt-1.3.2-cp313-cp313-musllinux_1_2_i686.whl", hash = "sha256:4c56965415afd8a493cc4af3587960751f8780057ca3de8c6be97217156e4633", size = 13725340, upload-time = "2024-10-21T20:48:55.074Z" },
    { url = "https://files.pythonhosted.org/packages/76/f2/7e3c3f51e8e6b325bf00bfc37036f1f58bd9a5c29bbd88fb2eef2ebc0ac2/cvxopt-1.3.2-cp313-cp313-musllinux_1_2_x86_64.whl", hash = "sha256:85c3b52c1353b294c597b169cc901f5274d8bb8776908ccad66fec7a14b69519", size = 16226402, upload-time = "2024-10-21T20:48:57.616Z" },
    { url = "https://files.pythonhosted.org/packages/b9/55/90b40b489a235a9f35a532eb77cec81782e466779d9a531ffda6b2f99410/cvxopt-1.3.2-cp313-cp313-win_amd64.whl", hash = "sha256:0a0987966009ad383de0918e61255d34ed9ebc783565bcb15470d4155010b6bf", size = 12845323, upload-time = "2024-10-21T20:49:00.581Z" },
]

[[package]]
name = "lab10"
version = "0.1.0"
source = { virtual = "." }
dependencies = [
    { name = "cvxopt" },
]

[package.metadata]
requires-dist = [{ name = "cvxopt", specifier = ">=1.3.2" }]
